
Microsoft Visual Studio Solution File, Format Version 12.00
# Visual Studio 15
VisualStudioVersion = 15.0.27703.2042
MinimumVisualStudioVersion = 10.0.40219.1
Project("{FAE04EC0-301F-11D3-BF4B-00C04F79EFBC}") = "Database.Test", "Database.Test\Database.Test.csproj", "{364AC505-330C-4847-822D-DD9DCEA18C44}"
EndProject
Project("{FAE04EC0-301F-11D3-BF4B-00C04F79EFBC}") = "Persistence", "Persistence\Persistence.csproj", "{4AA7E159-0C73-4EB3-B730-5E122894EE18}"
EndProject
Project("{FAE04EC0-301F-11D3-BF4B-00C04F79EFBC}") = "Domain", "Domain\Domain.csproj", "{5475AEBD-922B-452B-B463-4293A8D36E06}"
EndProject
Project("{FAE04EC0-301F-11D3-BF4B-00C04F79EFBC}") = "Utilities", "Utilities\Utilities.csproj", "{EF57F9A8-096D-4679-A34A-ECE495E2BF39}"
EndProject
Project("{FAE04EC0-301F-11D3-BF4B-00C04F79EFBC}") = "Application", "Application\Application.csproj", "{FD3A8E0D-F1A7-486F-AD43-3D4801F5C894}"
EndProject
Global
	GlobalSection(SolutionConfigurationPlatforms) = preSolution
		Debug|Any CPU = Debug|Any CPU
		Release|Any CPU = Release|Any CPU
	EndGlobalSection
	GlobalSection(ProjectConfigurationPlatforms) = postSolution
		{364AC505-330C-4847-822D-DD9DCEA18C44}.Debug|Any CPU.ActiveCfg = Debug|Any CPU
		{364AC505-330C-4847-822D-DD9DCEA18C44}.Debug|Any CPU.Build.0 = Debug|Any CPU
		{364AC505-330C-4847-822D-DD9DCEA18C44}.Release|Any CPU.ActiveCfg = Release|Any CPU
		{364AC505-330C-4847-822D-DD9DCEA18C44}.Release|Any CPU.Build.0 = Release|Any CPU
		{4AA7E159-0C73-4EB3-B730-5E122894EE18}.Debug|Any CPU.ActiveCfg = Debug|Any CPU
		{4AA7E159-0C73-4EB3-B730-5E122894EE18}.Debug|Any CPU.Build.0 = Debug|Any CPU
		{4AA7E159-0C73-4EB3-B730-5E122894EE18}.Release|Any CPU.ActiveCfg = Release|Any CPU
		{4AA7E159-0C73-4EB3-B730-5E122894EE18}.Release|Any CPU.Build.0 = Release|Any CPU
		{5475AEBD-922B-452B-B463-4293A8D36E06}.Debug|Any CPU.ActiveCfg = Debug|Any CPU
		{5475AEBD-922B-452B-B463-4293A8D36E06}.Debug|Any CPU.Build.0 = Debug|Any CPU
		{5475AEBD-922B-452B-B463-4293A8D36E06}.Release|Any CPU.ActiveCfg = Release|Any CPU
		{5475AEBD-922B-452B-B463-4293A8D36E06}.Release|Any CPU.Build.0 = Release|Any CPU
		{EF57F9A8-096D-4679-A34A-ECE495E2BF39}.Debug|Any CPU.ActiveCfg = Debug|Any CPU
		{EF57F9A8-096D-4679-A34A-ECE495E2BF39}.Debug|Any CPU.Build.0 = Debug|Any CPU
		{EF57F9A8-096D-4679-A34A-ECE495E2BF39}.Release|Any CPU.ActiveCfg = Release|Any CPU
		{EF57F9A8-096D-4679-A34A-ECE495E2BF39}.Release|Any CPU.Build.0 = Release|Any CPU
		{FD3A8E0D-F1A7-486F-AD43-3D4801F5C894}.Debug|Any CPU.ActiveCfg = Debug|Any CPU
		{FD3A8E0D-F1A7-486F-AD43-3D4801F5C894}.Debug|Any CPU.Build.0 = Debug|Any CPU
		{FD3A8E0D-F1A7-486F-AD43-3D4801F5C894}.Release|Any CPU.ActiveCfg = Release|Any CPU
		{FD3A8E0D-F1A7-486F-AD43-3D4801F5C894}.Release|Any CPU.Build.0 = Release|Any CPU
	EndGlobalSection
	GlobalSection(SolutionProperties) = preSolution
		HideSolutionNode = FALSE
	EndGlobalSection
	GlobalSection(ExtensibilityGlobals) = postSolution
		SolutionGuid = {1468E3B9-3259-46B8-B63E-935CE37F2B43}
	EndGlobalSection
EndGlobal
